
Microsoft Visual Studio Solution File, Format Version 12.00
# Visual Studio Version 17
VisualStudioVersion = 17.2.32526.322
MinimumVisualStudioVersion = 10.0.40219.1
Project("{FAE04EC0-301F-11D3-BF4B-00C04F79EFBC}") = "Zalozniy_pz_21", "Zalozniy_pz_21\Zalozniy_pz_21.csproj", "{9284C9E6-6864-413B-9396-97F07B2AB56A}"
EndProject
Global
	GlobalSection(SolutionConfigurationPlatforms) = preSolution
		Debug|Any CPU = Debug|Any CPU
		Release|Any CPU = Release|Any CPU
	EndGlobalSection
	GlobalSection(ProjectConfigurationPlatforms) = postSolution
		{9284C9E6-6864-413B-9396-97F07B2AB56A}.Debug|Any CPU.ActiveCfg = Debug|Any CPU
		{9284C9E6-6864-413B-9396-97F07B2AB56A}.Debug|Any CPU.Build.0 = Debug|Any CPU
		{9284C9E6-6864-413B-9396-97F07B2AB56A}.Release|Any CPU.ActiveCfg = Release|Any CPU
		{9284C9E6-6864-413B-9396-97F07B2AB56A}.Release|Any CPU.Build.0 = Release|Any CPU
	EndGlobalSection
	GlobalSection(SolutionProperties) = preSolution
		HideSolutionNode = FALSE
	EndGlobalSection
	GlobalSection(ExtensibilityGlobals) = postSolution
		SolutionGuid = {040B4E3F-EED4-4F86-A0C5-D8B77C4E092D}
	EndGlobalSection
EndGlobal
